
Microsoft Visual Studio Solution File, Format Version 12.00
# Visual Studio Version 17
VisualStudioVersion = 17.14.37203.1 d17.14
MinimumVisualStudioVersion = 10.0.40219.1
Project("{FAE04EC0-301F-11D3-BF4B-00C04F79EFBC}") = "HighwayTollsystem", "HighwayTollsystem\HighwayTollsystem.csproj", "{4207C01B-97BE-4149-B5D0-6B08AD91A078}"
EndProject
Global
	GlobalSection(SolutionConfigurationPlatforms) = preSolution
		Debug|Any CPU = Debug|Any CPU
		Release|Any CPU = Release|Any CPU
	EndGlobalSection
	GlobalSection(ProjectConfigurationPlatforms) = postSolution
		{4207C01B-97BE-4149-B5D0-6B08AD91A078}.Debug|Any CPU.ActiveCfg = Debug|Any CPU
		{4207C01B-97BE-4149-B5D0-6B08AD91A078}.Debug|Any CPU.Build.0 = Debug|Any CPU
		{4207C01B-97BE-4149-B5D0-6B08AD91A078}.Release|Any CPU.ActiveCfg = Release|Any CPU
		{4207C01B-97BE-4149-B5D0-6B08AD91A078}.Release|Any CPU.Build.0 = Release|Any CPU
	EndGlobalSection
	GlobalSection(SolutionProperties) = preSolution
		HideSolutionNode = FALSE
	EndGlobalSection
	GlobalSection(ExtensibilityGlobals) = postSolution
		SolutionGuid = {028685C9-CA8B-4D03-9D17-C54346688479}
	EndGlobalSection
EndGlobal
